
Microsoft Visual Studio Solution File, Format Version 12.00
# Visual Studio Version 16
VisualStudioVersion = 16.0.30804.86
MinimumVisualStudioVersion = 10.0.40219.1
Project("{FAE04EC0-301F-11D3-BF4B-00C04F79EFBC}") = "XAY DUNG LOP STOPWATCH", "XAY DUNG LOP STOPWATCH.csproj", "{019C0D59-F626-4297-B8EA-33ADB26A8A6D}"
EndProject
Global
	GlobalSection(SolutionConfigurationPlatforms) = preSolution
		Debug|Any CPU = Debug|Any CPU
		Release|Any CPU = Release|Any CPU
	EndGlobalSection
	GlobalSection(ProjectConfigurationPlatforms) = postSolution
		{019C0D59-F626-4297-B8EA-33ADB26A8A6D}.Debug|Any CPU.ActiveCfg = Debug|Any CPU
		{019C0D59-F626-4297-B8EA-33ADB26A8A6D}.Debug|Any CPU.Build.0 = Debug|Any CPU
		{019C0D59-F626-4297-B8EA-33ADB26A8A6D}.Release|Any CPU.ActiveCfg = Release|Any CPU
		{019C0D59-F626-4297-B8EA-33ADB26A8A6D}.Release|Any CPU.Build.0 = Release|Any CPU
	EndGlobalSection
	GlobalSection(SolutionProperties) = preSolution
		HideSolutionNode = FALSE
	EndGlobalSection
	GlobalSection(ExtensibilityGlobals) = postSolution
		SolutionGuid = {D6633AF4-FFAB-4D88-A032-900B83110814}
	EndGlobalSection
EndGlobal
